
Microsoft Visual Studio Solution File, Format Version 12.00
#
Project("{FAE04EC0-301F-11D3-BF4B-00C04F79EFBC}") = "Polyclinic.Domain", "Polyclinic.Domain\Polyclinic.Domain.csproj", "{26BB8DDB-2AEA-4654-A64B-58E8DA5FC2B3}"
EndProject
Project("{FAE04EC0-301F-11D3-BF4B-00C04F79EFBC}") = "Polyclinic.Tests", "Polyclinic.Tests\Polyclinic.Tests.csproj", "{88F7137B-D193-4784-9C20-2265F2917FE6}"
EndProject
Project("{FAE04EC0-301F-11D3-BF4B-00C04F79EFBC}") = "Polyclinic.Infrastructure.InMemory", "Polyclinic.Infrastructure.InMemory\Polyclinic.Infrastructure.InMemory.csproj", "{46F93210-AEC3-43BC-9407-3E608A1718D3}"
EndProject
Project("{FAE04EC0-301F-11D3-BF4B-00C04F79EFBC}") = "Polyclinic.Contracts", "Polyclinic.Contracts\Polyclinic.Contracts.csproj", "{62C54B10-1846-4F9A-8287-14BD0074B9AB}"
EndProject
Project("{FAE04EC0-301F-11D3-BF4B-00C04F79EFBC}") = "Polyclinic.Application", "Polyclinic.Application\Polyclinic.Application.csproj", "{10F7F76B-CA13-4A8A-B178-3EBD8555D24D}"
EndProject
Global
	GlobalSection(SolutionConfigurationPlatforms) = preSolution
		Debug|Any CPU = Debug|Any CPU
		Release|Any CPU = Release|Any CPU
	EndGlobalSection
	GlobalSection(ProjectConfigurationPlatforms) = postSolution
		{26BB8DDB-2AEA-4654-A64B-58E8DA5FC2B3}.Debug|Any CPU.ActiveCfg = Debug|Any CPU
		{26BB8DDB-2AEA-4654-A64B-58E8DA5FC2B3}.Debug|Any CPU.Build.0 = Debug|Any CPU
		{26BB8DDB-2AEA-4654-A64B-58E8DA5FC2B3}.Release|Any CPU.ActiveCfg = Release|Any CPU
		{26BB8DDB-2AEA-4654-A64B-58E8DA5FC2B3}.Release|Any CPU.Build.0 = Release|Any CPU
		{88F7137B-D193-4784-9C20-2265F2917FE6}.Debug|Any CPU.ActiveCfg = Debug|Any CPU
		{88F7137B-D193-4784-9C20-2265F2917FE6}.Debug|Any CPU.Build.0 = Debug|Any CPU
		{88F7137B-D193-4784-9C20-2265F2917FE6}.Release|Any CPU.ActiveCfg = Release|Any CPU
		{88F7137B-D193-4784-9C20-2265F2917FE6}.Release|Any CPU.Build.0 = Release|Any CPU
		{46F93210-AEC3-43BC-9407-3E608A1718D3}.Debug|Any CPU.ActiveCfg = Debug|Any CPU
		{46F93210-AEC3-43BC-9407-3E608A1718D3}.Debug|Any CPU.Build.0 = Debug|Any CPU
		{46F93210-AEC3-43BC-9407-3E608A1718D3}.Release|Any CPU.ActiveCfg = Release|Any CPU
		{46F93210-AEC3-43BC-9407-3E608A1718D3}.Release|Any CPU.Build.0 = Release|Any CPU
		{62C54B10-1846-4F9A-8287-14BD0074B9AB}.Debug|Any CPU.ActiveCfg = Debug|Any CPU
		{62C54B10-1846-4F9A-8287-14BD0074B9AB}.Debug|Any CPU.Build.0 = Debug|Any CPU
		{62C54B10-1846-4F9A-8287-14BD0074B9AB}.Release|Any CPU.ActiveCfg = Release|Any CPU
		{62C54B10-1846-4F9A-8287-14BD0074B9AB}.Release|Any CPU.Build.0 = Release|Any CPU
		{10F7F76B-CA13-4A8A-B178-3EBD8555D24D}.Debug|Any CPU.ActiveCfg = Debug|Any CPU
		{10F7F76B-CA13-4A8A-B178-3EBD8555D24D}.Debug|Any CPU.Build.0 = Debug|Any CPU
		{10F7F76B-CA13-4A8A-B178-3EBD8555D24D}.Release|Any CPU.ActiveCfg = Release|Any CPU
		{10F7F76B-CA13-4A8A-B178-3EBD8555D24D}.Release|Any CPU.Build.0 = Release|Any CPU
	EndGlobalSection
EndGlobal
